
Microsoft Visual Studio Solution File, Format Version 11.00
# Visual Studio 2010
Project("{FAE04EC0-301F-11D3-BF4B-00C04F79EFBC}") = "Piwik.Tracker.Web.Samples", "Piwik.Tracker.Web.Samples\Piwik.Tracker.Web.Samples.csproj", "{3D74EB7C-F2A4-49E4-8B2C-8247322F7DE0}"
EndProject
Project("{FAE04EC0-301F-11D3-BF4B-00C04F79EFBC}") = "Piwik.Tracker", "Piwik.Tracker\Piwik.Tracker.csproj", "{C3BB0E94-F45C-4691-81FF-061FC20E3209}"
EndProject
Global
	GlobalSection(SolutionConfigurationPlatforms) = preSolution
		Debug|Any CPU = Debug|Any CPU
		Release|Any CPU = Release|Any CPU
	EndGlobalSection
	GlobalSection(ProjectConfigurationPlatforms) = postSolution
		{3D74EB7C-F2A4-49E4-8B2C-8247322F7DE0}.Debug|Any CPU.ActiveCfg = Debug|Any CPU
		{3D74EB7C-F2A4-49E4-8B2C-8247322F7DE0}.Debug|Any CPU.Build.0 = Debug|Any CPU
		{3D74EB7C-F2A4-49E4-8B2C-8247322F7DE0}.Release|Any CPU.ActiveCfg = Release|Any CPU
		{3D74EB7C-F2A4-49E4-8B2C-8247322F7DE0}.Release|Any CPU.Build.0 = Release|Any CPU
		{C3BB0E94-F45C-4691-81FF-061FC20E3209}.Debug|Any CPU.ActiveCfg = Debug|Any CPU
		{C3BB0E94-F45C-4691-81FF-061FC20E3209}.Debug|Any CPU.Build.0 = Debug|Any CPU
		{C3BB0E94-F45C-4691-81FF-061FC20E3209}.Release|Any CPU.ActiveCfg = Release|Any CPU
		{C3BB0E94-F45C-4691-81FF-061FC20E3209}.Release|Any CPU.Build.0 = Release|Any CPU
	EndGlobalSection
	GlobalSection(SolutionProperties) = preSolution
		HideSolutionNode = FALSE
	EndGlobalSection
EndGlobal
